PODS:
  - AlicloudPush (1.9.9.7):
    - AlicloudSender
    - AlicloudUT
    - AlicloudUtils
  - AlicloudSender (1.0.0.3):
    - AlicloudUTDID
    - EMASRest
  - AlicloudUT (5.2.0.16):
    - AlicloudUTDID
  - AlicloudUTDID (1.5.0.94)
  - AlicloudUtils (1.3.9):
    - AlicloudUTDID
  - audio_session (0.0.1):
    - Flutter
  - connectivity (0.0.1):
    - Flutter
    - Reachability
  - device_info (0.0.1):
    - Flutter
  - device_info_plus (0.0.1):
    - Flutter
  - EMASRest (11.1.1.2)
  - Flutter (1.0.0)
  - flutter_inappwebview (0.0.1):
    - Flutter
    - flutter_inappwebview/Core (= 0.0.1)
    - OrderedSet (~> 5.0)
  - flutter_inappwebview/Core (0.0.1):
    - Flutter
    - OrderedSet (~> 5.0)
  - flutter_keyboard_visibility (0.0.1):
    - Flutter
  - flutter_webview_plugin (0.0.1):
    - Flutter
  - fluttertoast (0.0.2):
    - Flutter
    - Toast
  - FMDB (2.7.5):
    - FMDB/standard (= 2.7.5)
  - FMDB/standard (2.7.5)
  - gallery_saver (0.0.1):
    - Flutter
  - image_gallery_saver (1.5.0):
    - Flutter
  - image_picker_ios (0.0.1):
    - Flutter
  - images_picker (0.0.1):
    - Flutter
    - ZLPhotoBrowser (= 4.2.5)
  - just_audio (0.0.1):
    - Flutter
  - launch_review (0.0.1):
    - Flutter
  - loading_indicator_view (0.0.1):
    - Flutter
  - OrderedSet (5.0.0)
  - package_info (0.0.1):
    - Flutter
  - path_provider_ios (0.0.1):
    - Flutter
  - "permission_handler (5.1.0+2)":
    - Flutter
  - photo_manager (2.0.0):
    - Flutter
    - FlutterMacOS
  - r_upgrade (0.0.1):
    - Flutter
  - Reachability (3.2)
  - record (0.0.1):
    - Flutter
  - shared_preferences_ios (0.0.1):
    - Flutter
  - sqflite (0.0.2):
    - Flutter
    - FMDB (>= 2.7.5)
  - Toast (4.0.0)
  - UMCCommonLog (2.0.2)
  - UMCommon (7.3.7):
    - UMDevice
  - UMDevice (2.2.1)
  - UMShare/Core (6.10.4):
    - UMCommon
  - UMShare/Social/DingDing (6.10.4):
    - UMCommon
    - UMShare/Core
  - UMShare/Social/QQ (6.10.4):
    - UMCommon
    - UMShare/Core
    - UMShare/Social/ReducedQQ
  - UMShare/Social/ReducedQQ (6.10.4):
    - UMCommon
    - UMShare/Core
  - UMShare/Social/ReducedSina (6.10.4):
    - UMCommon
    - UMShare/Core
  - UMShare/Social/ReducedWeChat (6.10.4):
    - UMCommon
    - UMShare/Core
  - UMShare/Social/Sina (6.10.4):
    - UMCommon
    - UMShare/Core
    - UMShare/Social/ReducedSina
  - UMShare/Social/WeChat (6.10.4):
    - UMCommon
    - UMShare/Core
    - UMShare/Social/ReducedWeChat
  - UMShare/UI (6.10.4):
    - UMCommon
    - UMShare/Core
  - url_launcher_ios (0.0.1):
    - Flutter
  - video_player_avfoundation (0.0.1):
    - Flutter
  - wakelock (0.0.1):
    - Flutter
  - webview_flutter_wkwebview (0.0.1):
    - Flutter
  - ZLPhotoBrowser (4.2.5):
    - ZLPhotoBrowser/Core (= 4.2.5)
  - ZLPhotoBrowser/Core (4.2.5)

DEPENDENCIES:
  - AlicloudPush (~> 1.9.9.3)
  - audio_session (from `.symlinks/plugins/audio_session/ios`)
  - connectivity (from `.symlinks/plugins/connectivity/ios`)
  - device_info (from `.symlinks/plugins/device_info/ios`)
  - device_info_plus (from `.symlinks/plugins/device_info_plus/ios`)
  - Flutter (from `Flutter`)
  - flutter_inappwebview (from `.symlinks/plugins/flutter_inappwebview/ios`)
  - flutter_keyboard_visibility (from `.symlinks/plugins/flutter_keyboard_visibility/ios`)
  - flutter_webview_plugin (from `.symlinks/plugins/flutter_webview_plugin/ios`)
  - fluttertoast (from `.symlinks/plugins/fluttertoast/ios`)
  - gallery_saver (from `.symlinks/plugins/gallery_saver/ios`)
  - image_gallery_saver (from `.symlinks/plugins/image_gallery_saver/ios`)
  - image_picker_ios (from `.symlinks/plugins/image_picker_ios/ios`)
  - images_picker (from `.symlinks/plugins/images_picker/ios`)
  - just_audio (from `.symlinks/plugins/just_audio/ios`)
  - launch_review (from `.symlinks/plugins/launch_review/ios`)
  - loading_indicator_view (from `.symlinks/plugins/loading_indicator_view/ios`)
  - package_info (from `.symlinks/plugins/package_info/ios`)
  - path_provider_ios (from `.symlinks/plugins/path_provider_ios/ios`)
  - permission_handler (from `.symlinks/plugins/permission_handler/ios`)
  - photo_manager (from `.symlinks/plugins/photo_manager/ios`)
  - r_upgrade (from `.symlinks/plugins/r_upgrade/ios`)
  - record (from `.symlinks/plugins/record/ios`)
  - shared_preferences_ios (from `.symlinks/plugins/shared_preferences_ios/ios`)
  - sqflite (from `.symlinks/plugins/sqflite/ios`)
  - UMCCommonLog
  - UMCommon
  - UMShare/Social/DingDing
  - UMShare/Social/QQ
  - UMShare/Social/Sina
  - UMShare/Social/WeChat
  - UMShare/UI
  - url_launcher_ios (from `.symlinks/plugins/url_launcher_ios/ios`)
  - video_player_avfoundation (from `.symlinks/plugins/video_player_avfoundation/ios`)
  - wakelock (from `.symlinks/plugins/wakelock/ios`)
  - webview_flutter_wkwebview (from `.symlinks/plugins/webview_flutter_wkwebview/ios`)

SPEC REPOS:
  https://github.com/aliyun/aliyun-specs.git:
    - AlicloudPush
    - AlicloudSender
    - AlicloudUT
    - AlicloudUTDID
    - AlicloudUtils
    - EMASRest
  https://github.com/CocoaPods/Specs.git:
    - FMDB
    - OrderedSet
    - Reachability
    - Toast
    - UMCCommonLog
    - UMCommon
    - UMDevice
    - UMShare
    - ZLPhotoBrowser

EXTERNAL SOURCES:
  audio_session:
    :path: ".symlinks/plugins/audio_session/ios"
  connectivity:
    :path: ".symlinks/plugins/connectivity/ios"
  device_info:
    :path: ".symlinks/plugins/device_info/ios"
  device_info_plus:
    :path: ".symlinks/plugins/device_info_plus/ios"
  Flutter:
    :path: Flutter
  flutter_inappwebview:
    :path: ".symlinks/plugins/flutter_inappwebview/ios"
  flutter_keyboard_visibility:
    :path: ".symlinks/plugins/flutter_keyboard_visibility/ios"
  flutter_webview_plugin:
    :path: ".symlinks/plugins/flutter_webview_plugin/ios"
  fluttertoast:
    :path: ".symlinks/plugins/fluttertoast/ios"
  gallery_saver:
    :path: ".symlinks/plugins/gallery_saver/ios"
  image_gallery_saver:
    :path: ".symlinks/plugins/image_gallery_saver/ios"
  image_picker_ios:
    :path: ".symlinks/plugins/image_picker_ios/ios"
  images_picker:
    :path: ".symlinks/plugins/images_picker/ios"
  just_audio:
    :path: ".symlinks/plugins/just_audio/ios"
  launch_review:
    :path: ".symlinks/plugins/launch_review/ios"
  loading_indicator_view:
    :path: ".symlinks/plugins/loading_indicator_view/ios"
  package_info:
    :path: ".symlinks/plugins/package_info/ios"
  path_provider_ios:
    :path: ".symlinks/plugins/path_provider_ios/ios"
  permission_handler:
    :path: ".symlinks/plugins/permission_handler/ios"
  photo_manager:
    :path: ".symlinks/plugins/photo_manager/ios"
  r_upgrade:
    :path: ".symlinks/plugins/r_upgrade/ios"
  record:
    :path: ".symlinks/plugins/record/ios"
  shared_preferences_ios:
    :path: ".symlinks/plugins/shared_preferences_ios/ios"
  sqflite:
    :path: ".symlinks/plugins/sqflite/ios"
  url_launcher_ios:
    :path: ".symlinks/plugins/url_launcher_ios/ios"
  video_player_avfoundation:
    :path: ".symlinks/plugins/video_player_avfoundation/ios"
  wakelock:
    :path: ".symlinks/plugins/wakelock/ios"
  webview_flutter_wkwebview:
    :path: ".symlinks/plugins/webview_flutter_wkwebview/ios"

SPEC CHECKSUMS:
  AlicloudPush: bac1920532c576fd6f205e63d76733cb1179d221
  AlicloudSender: 1f468b6bd962a099ffc19d45e3608b0fe98f259d
  AlicloudUT: 6d1cf30d57d096b7e9bb4b069dd0ba6ad59a3338
  AlicloudUTDID: 7323c443dcdf9a73e2224dc6ce51703671d7a765
  AlicloudUtils: 66e0ba6ece62d7dd05e9dd95674b2c7811624c2f
  audio_session: 4f3e461722055d21515cf3261b64c973c062f345
  connectivity: c4130b2985d4ef6fd26f9702e886bd5260681467
  device_info: d7d233b645a32c40dfdc212de5cf646ca482f175
  device_info_plus: e5c5da33f982a436e103237c0c85f9031142abed
  EMASRest: 8df6f87836767a9415ad5cc4af739bc9d215b475
  Flutter: 50d75fe2f02b26cc09d224853bb45737f8b3214a
  flutter_inappwebview: bfd58618f49dc62f2676de690fc6dcda1d6c3721
  flutter_keyboard_visibility: 0339d06371254c3eb25eeb90ba8d17dca8f9c069
  flutter_webview_plugin: ed9e8a6a96baf0c867e90e1bce2673913eeac694
  fluttertoast: 16fbe6039d06a763f3533670197d01fc73459037
  FMDB: 2ce00b547f966261cd18927a3ddb07cb6f3db82a
  gallery_saver: 9fc173c9f4fcc48af53b2a9ebea1b643255be542
  image_gallery_saver: 259eab68fb271cfd57d599904f7acdc7832e7ef2
  image_picker_ios: b786a5dcf033a8336a657191401bfdf12017dabb
  images_picker: fa9364e3a7d3083c49f865fcfb2b9e7cdc574d3a
  just_audio: baa7252489dbcf47a4c7cc9ca663e9661c99aafa
  launch_review: 75d5a956ba8eaa493e9c9d4bf4c05e505e8d5ed0
  loading_indicator_view: fb6f8efecc1cd030dc3a42a39f9107eef908da86
  OrderedSet: aaeb196f7fef5a9edf55d89760da9176ad40b93c
  package_info: 873975fc26034f0b863a300ad47e7f1ac6c7ec62
  path_provider_ios: 14f3d2fd28c4fdb42f44e0f751d12861c43cee02
  permission_handler: ccb20a9fad0ee9b1314a52b70b76b473c5f8dab0
  photo_manager: 4f6810b7dfc4feb03b461ac1a70dacf91fba7604
  r_upgrade: 44d715c61914cce3d01ea225abffe894fd51c114
  Reachability: 33e18b67625424e47b6cde6d202dce689ad7af96
  record: 7ee2393532f8553bbb09fa19e95478323b7c0a99
  shared_preferences_ios: 548a61f8053b9b8a49ac19c1ffbc8b92c50d68ad
  sqflite: 6d358c025f5b867b29ed92fc697fd34924e11904
  Toast: 91b396c56ee72a5790816f40d3a94dd357abc196
  UMCCommonLog: bea707e50c85cef4b0eb47cc5c7226bb843245ca
  UMCommon: 37fe35f498e92cf57bbb06a086f02915fc35f211
  UMDevice: 053478c4b4d7292f31f0a275c227d3c4007a5571
  UMShare: 84edf6d080f524d109271164ba2b07650f69d691
  url_launcher_ios: 839c58cdb4279282219f5e248c3321761ff3c4de
  video_player_avfoundation: e489aac24ef5cf7af82702979ed16f2a5ef84cff
  wakelock: d0fc7c864128eac40eba1617cb5264d9c940b46f
  webview_flutter_wkwebview: b7e70ef1ddded7e69c796c7390ee74180182971f
  ZLPhotoBrowser: 4bfab86b851042e18d7f413284472aa68759626a

PODFILE CHECKSUM: 9dc296e4f72dcd8f203723f61ce3fcd04320be13

COCOAPODS: 1.11.2
